
Microsoft Visual Studio Solution File, Format Version 12.00
# Visual Studio Version 16
VisualStudioVersion = 16.0.31129.286
MinimumVisualStudioVersion = 10.0.40219.1
Project("{9A19103F-16F7-4668-BE54-9A1E7A4F7556}") = "Encrypting_and_Decrypting", "Encrypting_and_Decrypting.csproj", "{441E6BCE-2732-4FA9-A936-7341474E163C}"
EndProject
Global
	GlobalSection(SolutionConfigurationPlatforms) = preSolution
		Debug|Any CPU = Debug|Any CPU
		Release|Any CPU = Release|Any CPU
	EndGlobalSection
	GlobalSection(ProjectConfigurationPlatforms) = postSolution
		{441E6BCE-2732-4FA9-A936-7341474E163C}.Debug|Any CPU.ActiveCfg = Debug|Any CPU
		{441E6BCE-2732-4FA9-A936-7341474E163C}.Debug|Any CPU.Build.0 = Debug|Any CPU
		{441E6BCE-2732-4FA9-A936-7341474E163C}.Release|Any CPU.ActiveCfg = Release|Any CPU
		{441E6BCE-2732-4FA9-A936-7341474E163C}.Release|Any CPU.Build.0 = Release|Any CPU
	EndGlobalSection
	GlobalSection(SolutionProperties) = preSolution
		HideSolutionNode = FALSE
	EndGlobalSection
	GlobalSection(ExtensibilityGlobals) = postSolution
		SolutionGuid = {0B1DF7D3-0883-4B30-A503-A1AB321B11E5}
	EndGlobalSection
EndGlobal
